// !$*UTF8*$!
{
	archiveVersion = 1;
	classes = {
	};
	objectVersion = 48;
	objects = {

/* Begin PBXBuildFile section */
		CD9D67DF205812D8003C9E90 /* Translator.cpp in Sources */ = {isa = PBXBuildFile; fileRef = CD9D67D6205812D7003C9E90 /* Translator.cpp */; };
		CD9D67E0205812D8003C9E90 /* main.cpp in Sources */ = {isa = PBXBuildFile; fileRef = CD9D67D7205812D7003C9E90 /* main.cpp */; };
		CD9D67E1205812D8003C9E90 /* Tokenizer.cpp in Sources */ = {isa = PBXBuildFile; fileRef = CD9D67D9205812D8003C9E90 /* Tokenizer.cpp */; };
		CD9D67E2205812D8003C9E90 /* Decrypter.cpp in Sources */ = {isa = PBXBuildFile; fileRef = CD9D67DA205812D8003C9E90 /* Decrypter.cpp */; };
		CD9D67E3205812D8003C9E90 /* WordList.cpp in Sources */ = {isa = PBXBuildFile; fileRef = CD9D67DD205812D8003C9E90 /* WordList.cpp */; };
/* End PBXBuildFile section */

/* Begin PBXCopyFilesBuildPhase section */
		CD9D67CA205812B2003C9E90 /* CopyFiles */ = {
			isa = PBXCopyFilesBuildPhase;
			buildActionMask = 2147483647;
			dstPath = /usr/share/man/man1/;
			dstSubfolderSpec = 0;
			files = (
			);
			runOnlyForDeploymentPostprocessing = 1;
		};
/* End PBXCopyFilesBuildPhase section */

/* Begin PBXFileReference section */
		CD9D67CC205812B2003C9E90 /* Project4_Revised */ = {isa = PBXFileReference; explicitFileType = "compiled.mach-o.executable"; includeInIndex = 0; path = Project4_Revised; sourceTree = BUILT_PRODUCTS_DIR; };
		CD9D67D6205812D7003C9E90 /* Translator.cpp */ = {isa = PBXFileReference; fileEncoding = 4; lastKnownFileType = sourcecode.cpp.cpp; path = Translator.cpp; sourceTree = "<group>"; };
		CD9D67D7205812D7003C9E90 /* main.cpp */ = {isa = PBXFileReference; fileEncoding = 4; lastKnownFileType = sourcecode.cpp.cpp; name = main.cpp; path = ../../../../../../Downloads/skeleton/main.cpp; sourceTree = "<group>"; };
		CD9D67D8205812D8003C9E90 /* substituteMyHash.h */ = {isa = PBXFileReference; fileEncoding = 4; lastKnownFileType = sourcecode.c.h; path = substituteMyHash.h; sourceTree = "<group>"; };
		CD9D67D9205812D8003C9E90 /* Tokenizer.cpp */ = {isa = PBXFileReference; fileEncoding = 4; lastKnownFileType = sourcecode.cpp.cpp; path = Tokenizer.cpp; sourceTree = "<group>"; };
		CD9D67DA205812D8003C9E90 /* Decrypter.cpp */ = {isa = PBXFileReference; fileEncoding = 4; lastKnownFileType = sourcecode.cpp.cpp; path = Decrypter.cpp; sourceTree = "<group>"; };
		CD9D67DB205812D8003C9E90 /* provided.h */ = {isa = PBXFileReference; fileEncoding = 4; lastKnownFileType = sourcecode.c.h; path = provided.h; sourceTree = "<group>"; };
		CD9D67DC205812D8003C9E90 /* MyHash.h */ = {isa = PBXFileReference; fileEncoding = 4; lastKnownFileType = sourcecode.c.h; path = MyHash.h; sourceTree = "<group>"; };
		CD9D67DD205812D8003C9E90 /* WordList.cpp */ = {isa = PBXFileReference; fileEncoding = 4; lastKnownFileType = sourcecode.cpp.cpp; path = WordList.cpp; sourceTree = "<group>"; };
		CD9D67DE205812D8003C9E90 /* wordlist.txt */ = {isa = PBXFileReference; fileEncoding = 4; lastKnownFileType = text; path = wordlist.txt; sourceTree = "<group>"; };
/* End PBXFileReference section */

/* Begin PBXFrameworksBuildPhase section */
		CD9D67C9205812B2003C9E90 /* Frameworks */ = {
			isa = PBXFrameworksBuildPhase;
			buildActionMask = 2147483647;
			files = (
			);
			runOnlyForDeploymentPostprocessing = 0;
		};
/* End PBXFrameworksBuildPhase section */

/* Begin PBXGroup section */
		CD9D67C3205812B2003C9E90 = {
			isa = PBXGroup;
			children = (
				CD9D67CE205812B2003C9E90 /* Project4_Revised */,
				CD9D67CD205812B2003C9E90 /* Products */,
			);
			sourceTree = "<group>";
		};
		CD9D67CD205812B2003C9E90 /* Products */ = {
			isa = PBXGroup;
			children = (
				CD9D67CC205812B2003C9E90 /* Project4_Revised */,
			);
			name = Products;
			sourceTree = "<group>";
		};
		CD9D67CE205812B2003C9E90 /* Project4_Revised */ = {
			isa = PBXGroup;
			children = (
				CD9D67DA205812D8003C9E90 /* Decrypter.cpp */,
				CD9D67D7205812D7003C9E90 /* main.cpp */,
				CD9D67DC205812D8003C9E90 /* MyHash.h */,
				CD9D67DB205812D8003C9E90 /* provided.h */,
				CD9D67D8205812D8003C9E90 /* substituteMyHash.h */,
				CD9D67D9205812D8003C9E90 /* Tokenizer.cpp */,
				CD9D67D6205812D7003C9E90 /* Translator.cpp */,
				CD9D67DD205812D8003C9E90 /* WordList.cpp */,
				CD9D67DE205812D8003C9E90 /* wordlist.txt */,
			);
			path = Project4_Revised;
			sourceTree = "<group>";
		};
/* End PBXGroup section */

/* Begin PBXNativeTarget section */
		CD9D67CB205812B2003C9E90 /* Project4_Revised */ = {
			isa = PBXNativeTarget;
			buildConfigurationList = CD9D67D3205812B2003C9E90 /* Build configuration list for PBXNativeTarget "Project4_Revised" */;
			buildPhases = (
				CD9D67C8205812B2003C9E90 /* Sources */,
				CD9D67C9205812B2003C9E90 /* Frameworks */,
				CD9D67CA205812B2003C9E90 /* CopyFiles */,
			);
			buildRules = (
			);
			dependencies = (
			);
			name = Project4_Revised;
			productName = Project4_Revised;
			productReference = CD9D67CC205812B2003C9E90 /* Project4_Revised */;
			productType = "com.apple.product-type.tool";
		};
/* End PBXNativeTarget section */

/* Begin PBXProject section */
		CD9D67C4205812B2003C9E90 /* Project object */ = {
			isa = PBXProject;
			attributes = {
				LastUpgradeCheck = 0920;
				ORGANIZATIONNAME = "Saman Hashemipour";
				TargetAttributes = {
					CD9D67CB205812B2003C9E90 = {
						CreatedOnToolsVersion = 9.2;
						ProvisioningStyle = Automatic;
					};
				};
			};
			buildConfigurationList = CD9D67C7205812B2003C9E90 /* Build configuration list for PBXProject "Project4_Revised" */;
			compatibilityVersion = "Xcode 8.0";
			developmentRegion = en;
			hasScannedForEncodings = 0;
			knownRegions = (
				en,
			);
			mainGroup = CD9D67C3205812B2003C9E90;
			productRefGroup = CD9D67CD205812B2003C9E90 /* Products */;
			projectDirPath = "";
			projectRoot = "";
			targets = (
				CD9D67CB205812B2003C9E90 /* Project4_Revised */,
			);
		};
/* End PBXProject section */

/* Begin PBXSourcesBuildPhase section */
		CD9D67C8205812B2003C9E90 /* Sources */ = {
			isa = PBXSourcesBuildPhase;
			buildActionMask = 2147483647;
			files = (
				CD9D67E1205812D8003C9E90 /* Tokenizer.cpp in Sources */,
				CD9D67E2205812D8003C9E90 /* Decrypter.cpp in Sources */,
				CD9D67E3205812D8003C9E90 /* WordList.cpp in Sources */,
				CD9D67DF205812D8003C9E90 /* Translator.cpp in Sources */,
				CD9D67E0205812D8003C9E90 /* main.cpp in Sources */,
			);
			runOnlyForDeploymentPostprocessing = 0;
		};
/* End PBXSourcesBuildPhase section */

/* Begin XCBuildConfiguration section */
		CD9D67D1205812B2003C9E90 /* Debug */ = {
			isa = XCBuildConfiguration;
			buildSettings = {
				ALWAYS_SEARCH_USER_PATHS = NO;
				CLANG_ANALYZER_NONNULL = YES;
				CLANG_ANALYZER_NUMBER_OBJECT_CONVERSION = YES_AGGRESSIVE;
				CLANG_CXX_LANGUAGE_STANDARD = "gnu++14";
				CLANG_CXX_LIBRARY = "libc++";
				CLANG_ENABLE_MODULES = YES;
				CLANG_ENABLE_OBJC_ARC = YES;
				CLANG_WARN_BLOCK_CAPTURE_AUTORELEASING = YES;
				CLANG_WARN_BOOL_CONVERSION = YES;
				CLANG_WARN_COMMA = YES;
				CLANG_WARN_CONSTANT_CONVERSION = YES;
				CLANG_WARN_DIRECT_OBJC_ISA_USAGE = YES_ERROR;
				CLANG_WARN_DOCUMENTATION_COMMENTS = YES;
				CLANG_WARN_EMPTY_BODY = YES;
				CLANG_WARN_ENUM_CONVERSION = YES;
				CLANG_WARN_INFINITE_RECURSION = YES;
				CLANG_WARN_INT_CONVERSION = YES;
				CLANG_WARN_NON_LITERAL_NULL_CONVERSION = YES;
				CLANG_WARN_OBJC_LITERAL_CONVERSION = YES;
				CLANG_WARN_OBJC_ROOT_CLASS = YES_ERROR;
				CLANG_WARN_RANGE_LOOP_ANALYSIS = YES;
				CLANG_WARN_STRICT_PROTOTYPES = YES;
				CLANG_WARN_SUSPICIOUS_MOVE = YES;
				CLANG_WARN_UNGUARDED_AVAILABILITY = YES_AGGRESSIVE;
				CLANG_WARN_UNREACHABLE_CODE = YES;
				CLANG_WARN__DUPLICATE_METHOD_MATCH = YES;
				CODE_SIGN_IDENTITY = "-";
				COPY_PHASE_STRIP = NO;
				DEBUG_INFORMATION_FORMAT = dwarf;
				ENABLE_STRICT_OBJC_MSGSEND = YES;
				ENABLE_TESTABILITY = YES;
				GCC_C_LANGUAGE_STANDARD = gnu11;
				GCC_DYNAMIC_NO_PIC = NO;
				GCC_NO_COMMON_BLOCKS = YES;
				GCC_OPTIMIZATION_LEVEL = 0;
				GCC_PREPROCESSOR_DEFINITIONS = (
					"DEBUG=1",
					"$(inherited)",
				);
				GCC_WARN_64_TO_32_BIT_CONVERSION = YES;
				GCC_WARN_ABOUT_RETURN_TYPE = YES_ERROR;
				GCC_WARN_UNDECLARED_SELECTOR = YES;
				GCC_WARN_UNINITIALIZED_AUTOS = YES_AGGRESSIVE;
				GCC_WARN_UNUSED_FUNCTION = YES;
				GCC_WARN_UNUSED_VARIABLE = YES;
				MACOSX_DEPLOYMENT_TARGET = 10.13;
				MTL_ENABLE_DEBUG_INFO = YES;
				ONLY_ACTIVE_ARCH = YES;
				SDKROOT = macosx;
			};
			name = Debug;
		};
		CD9D67D2205812B2003C9E90 /* Release */ = {
			isa = XCBuildConfiguration;
			buildSettings = {
				ALWAYS_SEARCH_USER_PATHS = NO;
				CLANG_ANALYZER_NONNULL = YES;
				CLANG_ANALYZER_NUMBER_OBJECT_CONVERSION = YES_AGGRESSIVE;
				CLANG_CXX_LANGUAGE_STANDARD = "gnu++14";
				CLANG_CXX_LIBRARY = "libc++";
				CLANG_ENABLE_MODULES = YES;
				CLANG_ENABLE_OBJC_ARC = YES;
				CLANG_WARN_BLOCK_CAPTURE_AUTORELEASING = YES;
				CLANG_WARN_BOOL_CONVERSION = YES;
				CLANG_WARN_COMMA = YES;
				CLANG_WARN_CONSTANT_CONVERSION = YES;
				CLANG_WARN_DIRECT_OBJC_ISA_USAGE = YES_ERROR;
				CLANG_WARN_DOCUMENTATION_COMMENTS = YES;
				CLANG_WARN_EMPTY_BODY = YES;
				CLANG_WARN_ENUM_CONVERSION = YES;
				CLANG_WARN_INFINITE_RECURSION = YES;
				CLANG_WARN_INT_CONVERSION = YES;
				CLANG_WARN_NON_LITERAL_NULL_CONVERSION = YES;
				CLANG_WARN_OBJC_LITERAL_CONVERSION = YES;
				CLANG_WARN_OBJC_ROOT_CLASS = YES_ERROR;
				CLANG_WARN_RANGE_LOOP_ANALYSIS = YES;
				CLANG_WARN_STRICT_PROTOTYPES = YES;
				CLANG_WARN_SUSPICIOUS_MOVE = YES;
				CLANG_WARN_UNGUARDED_AVAILABILITY = YES_AGGRESSIVE;
				CLANG_WARN_UNREACHABLE_CODE = YES;
				CLANG_WARN__DUPLICATE_METHOD_MATCH = YES;
				CODE_SIGN_IDENTITY = "-";
				COPY_PHASE_STRIP = NO;
				DEBUG_INFORMATION_FORMAT = "dwarf-with-dsym";
				ENABLE_NS_ASSERTIONS = NO;
				ENABLE_STRICT_OBJC_MSGSEND = YES;
				GCC_C_LANGUAGE_STANDARD = gnu11;
				GCC_NO_COMMON_BLOCKS = YES;
				GCC_WARN_64_TO_32_BIT_CONVERSION = YES;
				GCC_WARN_ABOUT_RETURN_TYPE = YES_ERROR;
				GCC_WARN_UNDECLARED_SELECTOR = YES;
				GCC_WARN_UNINITIALIZED_AUTOS = YES_AGGRESSIVE;
				GCC_WARN_UNUSED_FUNCTION = YES;
				GCC_WARN_UNUSED_VARIABLE = YES;
				MACOSX_DEPLOYMENT_TARGET = 10.13;
				MTL_ENABLE_DEBUG_INFO = NO;
				SDKROOT = macosx;
			};
			name = Release;
		};
		CD9D67D4205812B2003C9E90 /* Debug */ = {
			isa = XCBuildConfiguration;
			buildSettings = {
				CODE_SIGN_STYLE = Automatic;
				PRODUCT_NAME = "$(TARGET_NAME)";
			};
			name = Debug;
		};
		CD9D67D5205812B2003C9E90 /* Release */ = {
			isa = XCBuildConfiguration;
			buildSettings = {
				CODE_SIGN_STYLE = Automatic;
				PRODUCT_NAME = "$(TARGET_NAME)";
			};
			name = Release;
		};
/* End XCBuildConfiguration section */

/* Begin XCConfigurationList section */
		CD9D67C7205812B2003C9E90 /* Build configuration list for PBXProject "Project4_Revised" */ = {
			isa = XCConfigurationList;
			buildConfigurations = (
				CD9D67D1205812B2003C9E90 /* Debug */,
				CD9D67D2205812B2003C9E90 /* Release */,
			);
			defaultConfigurationIsVisible = 0;
			defaultConfigurationName = Release;
		};
		CD9D67D3205812B2003C9E90 /* Build configuration list for PBXNativeTarget "Project4_Revised" */ = {
			isa = XCConfigurationList;
			buildConfigurations = (
				CD9D67D4205812B2003C9E90 /* Debug */,
				CD9D67D5205812B2003C9E90 /* Release */,
			);
			defaultConfigurationIsVisible = 0;
			defaultConfigurationName = Release;
		};
/* End XCConfigurationList section */
	};
	rootObject = CD9D67C4205812B2003C9E90 /* Project object */;
}
